
Microsoft Visual Studio Solution File, Format Version 12.00
# Visual Studio Version 17
VisualStudioVersion = 17.14.36414.22 d17.14
MinimumVisualStudioVersion = 10.0.40219.1
Project("{FAE04EC0-301F-11D3-BF4B-00C04F79EFBC}") = "ATMMachine", "ATMMachine.csproj", "{5298D5F9-6C03-418B-A113-17FECC0A24B1}"
EndProject
Global
	GlobalSection(SolutionConfigurationPlatforms) = preSolution
		Debug|Any CPU = Debug|Any CPU
		Release|Any CPU = Release|Any CPU
	EndGlobalSection
	GlobalSection(ProjectConfigurationPlatforms) = postSolution
		{5298D5F9-6C03-418B-A113-17FECC0A24B1}.Debug|Any CPU.ActiveCfg = Debug|Any CPU
		{5298D5F9-6C03-418B-A113-17FECC0A24B1}.Debug|Any CPU.Build.0 = Debug|Any CPU
		{5298D5F9-6C03-418B-A113-17FECC0A24B1}.Release|Any CPU.ActiveCfg = Release|Any CPU
		{5298D5F9-6C03-418B-A113-17FECC0A24B1}.Release|Any CPU.Build.0 = Release|Any CPU
	EndGlobalSection
	GlobalSection(SolutionProperties) = preSolution
		HideSolutionNode = FALSE
	EndGlobalSection
	GlobalSection(ExtensibilityGlobals) = postSolution
		SolutionGuid = {3348D9D4-EB22-4A8A-A2F9-75E65FCC6639}
	EndGlobalSection
EndGlobal
