
Microsoft Visual Studio Solution File, Format Version 12.00
# Visual Studio Version 17
VisualStudioVersion = 17.14.36414.22 d17.14
MinimumVisualStudioVersion = 10.0.40219.1
Project("{FAE04EC0-301F-11D3-BF4B-00C04F79EFBC}") = "LightBulbAutomaton", "LightBulbAutomaton.csproj", "{5CE411AA-9447-4000-ACC0-92B4A18E193B}"
EndProject
Global
	GlobalSection(SolutionConfigurationPlatforms) = preSolution
		Debug|Any CPU = Debug|Any CPU
		Release|Any CPU = Release|Any CPU
	EndGlobalSection
	GlobalSection(ProjectConfigurationPlatforms) = postSolution
		{5CE411AA-9447-4000-ACC0-92B4A18E193B}.Debug|Any CPU.ActiveCfg = Debug|Any CPU
		{5CE411AA-9447-4000-ACC0-92B4A18E193B}.Debug|Any CPU.Build.0 = Debug|Any CPU
		{5CE411AA-9447-4000-ACC0-92B4A18E193B}.Release|Any CPU.ActiveCfg = Release|Any CPU
		{5CE411AA-9447-4000-ACC0-92B4A18E193B}.Release|Any CPU.Build.0 = Release|Any CPU
	EndGlobalSection
	GlobalSection(SolutionProperties) = preSolution
		HideSolutionNode = FALSE
	EndGlobalSection
	GlobalSection(ExtensibilityGlobals) = postSolution
		SolutionGuid = {E486A486-824A-45D9-A3A1-5930AE97A7E4}
	EndGlobalSection
EndGlobal
